{
  "name": "csadprg_gr5",
  "version": "1.0.0",
  "lockfileVersion": 3,
  "requires": true,
  "packages": {
    "": {
      "name": "csadprg_gr5",
      "version": "1.0.0",
      "dependencies": {
        "csv": "^6.4.1",
        "csv-parse": "^6.1.0",
        "csv-stringify": "^6.6.0",
        "readline": "^1.3.0"
      }
    },
    "node_modules/csv": {
      "version": "6.4.1",
      "resolved": "https://registry.npmjs.org/csv/-/csv-6.4.1.tgz",
      "integrity": "sha512-ajGosmTGnTwYyGl8STqZDu7R6LkDf3xL39XiOmliV/GufQeVUxHzTKIm4NOBCwmEuujK7B6isxs4Uqt9GcRCvA==",
      "license": "MIT",
      "dependencies": {
        "csv-generate": "^4.5.0",
        "csv-parse": "^6.1.0",
        "csv-stringify": "^6.6.0",
        "stream-transform": "^3.4.0"
      },
      "engines": {
        "node": ">= 0.1.90"
      }
    },
    "node_modules/csv-generate": {
      "version": "4.5.0",
      "resolved": "https://registry.npmjs.org/csv-generate/-/csv-generate-4.5.0.tgz",
      "integrity": "sha512-aQr/vmOKyBSBHNwYhAoXw1+kUsPnMSwmYgpNoo36rIXoG1ecWILnvPGZeQ6oUjzrWknZAD3+jfpqYOBAl4x15A==",
      "license": "MIT"
    },
    "node_modules/csv-parse": {
      "version": "6.1.0",
      "resolved": "https://registry.npmjs.org/csv-parse/-/csv-parse-6.1.0.tgz",
      "integrity": "sha512-CEE+jwpgLn+MmtCpVcPtiCZpVtB6Z2OKPTr34pycYYoL7sxdOkXDdQ4lRiw6ioC0q6BLqhc6cKweCVvral8yhw==",
      "license": "MIT"
    },
    "node_modules/csv-stringify": {
      "version": "6.6.0",
      "resolved": "https://registry.npmjs.org/csv-stringify/-/csv-stringify-6.6.0.tgz",
      "integrity": "sha512-YW32lKOmIBgbxtu3g5SaiqWNwa/9ISQt2EcgOq0+RAIFufFp9is6tqNnKahqE5kuKvrnYAzs28r+s6pXJR8Vcw==",
      "license": "MIT"
    },
    "node_modules/readline": {
      "version": "1.3.0",
      "resolved": "https://registry.npmjs.org/readline/-/readline-1.3.0.tgz",
      "integrity": "sha512-k2d6ACCkiNYz222Fs/iNze30rRJ1iIicW7JuX/7/cozvih6YCkFZH+J6mAFDVgv0dRBaAyr4jDqC95R2y4IADg==",
      "license": "BSD"
    },
    "node_modules/stream-transform": {
      "version": "3.4.0",
      "resolved": "https://registry.npmjs.org/stream-transform/-/stream-transform-3.4.0.tgz",
      "integrity": "sha512-QO3OGhKyeIV8p6eRQdG+W6WounFw519zk690hHCNfhgfP9bylVS+NTXsuBc7n+RsGn31UgFPGrWYIgoAbArKEw==",
      "license": "MIT"
    }
  }
}
